// !$*UTF8*$!
{
	archiveVersion = 1;
	classes = {
	};
	objectVersion = 46;
	objects = {

/* Begin PBXBuildFile section */
		264A5F651A382C6300597A52 /* AppDelegate.swift in Sources */ = {isa = PBXBuildFile; fileRef = 264A5F641A382C6300597A52 /* AppDelegate.swift */; };
		264A5F671A382C6300597A52 /* ViewController.swift in Sources */ = {isa = PBXBuildFile; fileRef = 264A5F661A382C6300597A52 /* ViewController.swift */; };
		264A5F6A1A382C6300597A52 /* Main.storyboard in Resources */ = {isa = PBXBuildFile; fileRef = 264A5F681A382C6300597A52 /* Main.storyboard */; };
		264A5F6C1A382C6300597A52 /* Images.xcassets in Resources */ = {isa = PBXBuildFile; fileRef = 264A5F6B1A382C6300597A52 /* Images.xcassets */; };
		264A5F6F1A382C6300597A52 /* LaunchScreen.xib in Resources */ = {isa = PBXBuildFile; fileRef = 264A5F6D1A382C6300597A52 /* LaunchScreen.xib */; };
		264A5F7B1A382C6300597A52 /* _HandsOfPokerTests.swift in Sources */ = {isa = PBXBuildFile; fileRef = 264A5F7A1A382C6300597A52 /* _HandsOfPokerTests.swift */; };
		264A5F851A382DB500597A52 /* Constants.swift in Sources */ = {isa = PBXBuildFile; fileRef = 264A5F841A382DB500597A52 /* Constants.swift */; };
		264A5F871A382DEA00597A52 /* CardStruct.swift in Sources */ = {isa = PBXBuildFile; fileRef = 264A5F861A382DEA00597A52 /* CardStruct.swift */; };
		264A5F891A382E0D00597A52 /* Factory.swift in Sources */ = {isa = PBXBuildFile; fileRef = 264A5F881A382E0D00597A52 /* Factory.swift */; };
		264A5F8B1A382E3600597A52 /* PokerLogic.swift in Sources */ = {isa = PBXBuildFile; fileRef = 264A5F8A1A382E3600597A52 /* PokerLogic.swift */; };
/* End PBXBuildFile section */

/* Begin PBXContainerItemProxy section */
		264A5F751A382C6300597A52 /* PBXContainerItemProxy */ = {
			isa = PBXContainerItemProxy;
			containerPortal = 264A5F571A382C6300597A52 /* Project object */;
			proxyType = 1;
			remoteGlobalIDString = 264A5F5E1A382C6300597A52;
			remoteInfo = 3HandsOfPoker;
		};
/* End PBXContainerItemProxy section */

/* Begin PBXFileReference section */
		264A5F5F1A382C6300597A52 /* 3HandsOfPoker.app */ = {isa = PBXFileReference; explicitFileType = wrapper.application; includeInIndex = 0; path = 3HandsOfPoker.app; sourceTree = BUILT_PRODUCTS_DIR; };
		264A5F631A382C6300597A52 /* Info.plist */ = {isa = PBXFileReference; lastKnownFileType = text.plist.xml; path = Info.plist; sourceTree = "<group>"; };
		264A5F641A382C6300597A52 /* AppDelegate.swift */ = {isa = PBXFileReference; lastKnownFileType = sourcecode.swift; path = AppDelegate.swift; sourceTree = "<group>"; };
		264A5F661A382C6300597A52 /* ViewController.swift */ = {isa = PBXFileReference; lastKnownFileType = sourcecode.swift; path = ViewController.swift; sourceTree = "<group>"; };
		264A5F691A382C6300597A52 /* Base */ = {isa = PBXFileReference; lastKnownFileType = file.storyboard; name = Base; path = Base.lproj/Main.storyboard; sourceTree = "<group>"; };
		264A5F6B1A382C6300597A52 /* Images.xcassets */ = {isa = PBXFileReference; lastKnownFileType = folder.assetcatalog; path = Images.xcassets; sourceTree = "<group>"; };
		264A5F6E1A382C6300597A52 /* Base */ = {isa = PBXFileReference; lastKnownFileType = file.xib; name = Base; path = Base.lproj/LaunchScreen.xib; sourceTree = "<group>"; };
		264A5F741A382C6300597A52 /* 3HandsOfPokerTests.xctest */ = {isa = PBXFileReference; explicitFileType = wrapper.cfbundle; includeInIndex = 0; path = 3HandsOfPokerTests.xctest; sourceTree = BUILT_PRODUCTS_DIR; };
		264A5F791A382C6300597A52 /* Info.plist */ = {isa = PBXFileReference; lastKnownFileType = text.plist.xml; path = Info.plist; sourceTree = "<group>"; };
		264A5F7A1A382C6300597A52 /* _HandsOfPokerTests.swift */ = {isa = PBXFileReference; lastKnownFileType = sourcecode.swift; path = _HandsOfPokerTests.swift; sourceTree = "<group>"; };
		264A5F841A382DB500597A52 /* Constants.swift */ = {isa = PBXFileReference; fileEncoding = 4; lastKnownFileType = sourcecode.swift; path = Constants.swift; sourceTree = "<group>"; };
		264A5F861A382DEA00597A52 /* CardStruct.swift */ = {isa = PBXFileReference; fileEncoding = 4; lastKnownFileType = sourcecode.swift; path = CardStruct.swift; sourceTree = "<group>"; };
		264A5F881A382E0D00597A52 /* Factory.swift */ = {isa = PBXFileReference; fileEncoding = 4; lastKnownFileType = sourcecode.swift; path = Factory.swift; sourceTree = "<group>"; };
		264A5F8A1A382E3600597A52 /* PokerLogic.swift */ = {isa = PBXFileReference; fileEncoding = 4; lastKnownFileType = sourcecode.swift; path = PokerLogic.swift; sourceTree = "<group>"; };
/* End PBXFileReference section */

/* Begin PBXFrameworksBuildPhase section */
		264A5F5C1A382C6300597A52 /* Frameworks */ = {
			isa = PBXFrameworksBuildPhase;
			buildActionMask = 2147483647;
			files = (
			);
			runOnlyForDeploymentPostprocessing = 0;
		};
		264A5F711A382C6300597A52 /* Frameworks */ = {
			isa = PBXFrameworksBuildPhase;
			buildActionMask = 2147483647;
			files = (
			);
			runOnlyForDeploymentPostprocessing = 0;
		};
/* End PBXFrameworksBuildPhase section */

/* Begin PBXGroup section */
		264A5F561A382C6300597A52 = {
			isa = PBXGroup;
			children = (
				264A5F611A382C6300597A52 /* 3HandsOfPoker */,
				264A5F771A382C6300597A52 /* 3HandsOfPokerTests */,
				264A5F601A382C6300597A52 /* Products */,
			);
			sourceTree = "<group>";
		};
		264A5F601A382C6300597A52 /* Products */ = {
			isa = PBXGroup;
			children = (
				264A5F5F1A382C6300597A52 /* 3HandsOfPoker.app */,
				264A5F741A382C6300597A52 /* 3HandsOfPokerTests.xctest */,
			);
			name = Products;
			sourceTree = "<group>";
		};
		264A5F611A382C6300597A52 /* 3HandsOfPoker */ = {
			isa = PBXGroup;
			children = (
				264A5F641A382C6300597A52 /* AppDelegate.swift */,
				264A5F841A382DB500597A52 /* Constants.swift */,
				264A5F861A382DEA00597A52 /* CardStruct.swift */,
				264A5F881A382E0D00597A52 /* Factory.swift */,
				264A5F8A1A382E3600597A52 /* PokerLogic.swift */,
				264A5F661A382C6300597A52 /* ViewController.swift */,
				264A5F681A382C6300597A52 /* Main.storyboard */,
				264A5F6B1A382C6300597A52 /* Images.xcassets */,
				264A5F6D1A382C6300597A52 /* LaunchScreen.xib */,
				264A5F621A382C6300597A52 /* Supporting Files */,
			);
			path = 3HandsOfPoker;
			sourceTree = "<group>";
		};
		264A5F621A382C6300597A52 /* Supporting Files */ = {
			isa = PBXGroup;
			children = (
				264A5F631A382C6300597A52 /* Info.plist */,
			);
			name = "Supporting Files";
			sourceTree = "<group>";
		};
		264A5F771A382C6300597A52 /* 3HandsOfPokerTests */ = {
			isa = PBXGroup;
			children = (
				264A5F7A1A382C6300597A52 /* _HandsOfPokerTests.swift */,
				264A5F781A382C6300597A52 /* Supporting Files */,
			);
			path = 3HandsOfPokerTests;
			sourceTree = "<group>";
		};
		264A5F781A382C6300597A52 /* Supporting Files */ = {
			isa = PBXGroup;
			children = (
				264A5F791A382C6300597A52 /* Info.plist */,
			);
			name = "Supporting Files";
			sourceTree = "<group>";
		};
/* End PBXGroup section */

/* Begin PBXNativeTarget section */
		264A5F5E1A382C6300597A52 /* 3HandsOfPoker */ = {
			isa = PBXNativeTarget;
			buildConfigurationList = 264A5F7E1A382C6300597A52 /* Build configuration list for PBXNativeTarget "3HandsOfPoker" */;
			buildPhases = (
				264A5F5B1A382C6300597A52 /* Sources */,
				264A5F5C1A382C6300597A52 /* Frameworks */,
				264A5F5D1A382C6300597A52 /* Resources */,
			);
			buildRules = (
			);
			dependencies = (
			);
			name = 3HandsOfPoker;
			productName = 3HandsOfPoker;
			productReference = 264A5F5F1A382C6300597A52 /* 3HandsOfPoker.app */;
			productType = "com.apple.product-type.application";
		};
		264A5F731A382C6300597A52 /* 3HandsOfPokerTests */ = {
			isa = PBXNativeTarget;
			buildConfigurationList = 264A5F811A382C6300597A52 /* Build configuration list for PBXNativeTarget "3HandsOfPokerTests" */;
			buildPhases = (
				264A5F701A382C6300597A52 /* Sources */,
				264A5F711A382C6300597A52 /* Frameworks */,
				264A5F721A382C6300597A52 /* Resources */,
			);
			buildRules = (
			);
			dependencies = (
				264A5F761A382C6300597A52 /* PBXTargetDependency */,
			);
			name = 3HandsOfPokerTests;
			productName = 3HandsOfPokerTests;
			productReference = 264A5F741A382C6300597A52 /* 3HandsOfPokerTests.xctest */;
			productType = "com.apple.product-type.bundle.unit-test";
		};
/* End PBXNativeTarget section */

/* Begin PBXProject section */
		264A5F571A382C6300597A52 /* Project object */ = {
			isa = PBXProject;
			attributes = {
				LastUpgradeCheck = 0610;
				ORGANIZATIONNAME = "Clint Greive";
				TargetAttributes = {
					264A5F5E1A382C6300597A52 = {
						CreatedOnToolsVersion = 6.1.1;
					};
					264A5F731A382C6300597A52 = {
						CreatedOnToolsVersion = 6.1.1;
						TestTargetID = 264A5F5E1A382C6300597A52;
					};
				};
			};
			buildConfigurationList = 264A5F5A1A382C6300597A52 /* Build configuration list for PBXProject "3HandsOfPoker" */;
			compatibilityVersion = "Xcode 3.2";
			developmentRegion = English;
			hasScannedForEncodings = 0;
			knownRegions = (
				en,
				Base,
			);
			mainGroup = 264A5F561A382C6300597A52;
			productRefGroup = 264A5F601A382C6300597A52 /* Products */;
			projectDirPath = "";
			projectRoot = "";
			targets = (
				264A5F5E1A382C6300597A52 /* 3HandsOfPoker */,
				264A5F731A382C6300597A52 /* 3HandsOfPokerTests */,
			);
		};
/* End PBXProject section */

/* Begin PBXResourcesBuildPhase section */
		264A5F5D1A382C6300597A52 /* Resources */ = {
			isa = PBXResourcesBuildPhase;
			buildActionMask = 2147483647;
			files = (
				264A5F6A1A382C6300597A52 /* Main.storyboard in Resources */,
				264A5F6F1A382C6300597A52 /* LaunchScreen.xib in Resources */,
				264A5F6C1A382C6300597A52 /* Images.xcassets in Resources */,
			);
			runOnlyForDeploymentPostprocessing = 0;
		};
		264A5F721A382C6300597A52 /* Resources */ = {
			isa = PBXResourcesBuildPhase;
			buildActionMask = 2147483647;
			files = (
			);
			runOnlyForDeploymentPostprocessing = 0;
		};
/* End PBXResourcesBuildPhase section */

/* Begin PBXSourcesBuildPhase section */
		264A5F5B1A382C6300597A52 /* Sources */ = {
			isa = PBXSourcesBuildPhase;
			buildActionMask = 2147483647;
			files = (
				264A5F671A382C6300597A52 /* ViewController.swift in Sources */,
				264A5F651A382C6300597A52 /* AppDelegate.swift in Sources */,
				264A5F8B1A382E3600597A52 /* PokerLogic.swift in Sources */,
				264A5F871A382DEA00597A52 /* CardStruct.swift in Sources */,
				264A5F851A382DB500597A52 /* Constants.swift in Sources */,
				264A5F891A382E0D00597A52 /* Factory.swift in Sources */,
			);
			runOnlyForDeploymentPostprocessing = 0;
		};
		264A5F701A382C6300597A52 /* Sources */ = {
			isa = PBXSourcesBuildPhase;
			buildActionMask = 2147483647;
			files = (
				264A5F7B1A382C6300597A52 /* _HandsOfPokerTests.swift in Sources */,
			);
			runOnlyForDeploymentPostprocessing = 0;
		};
/* End PBXSourcesBuildPhase section */

/* Begin PBXTargetDependency section */
		264A5F761A382C6300597A52 /* PBXTargetDependency */ = {
			isa = PBXTargetDependency;
			target = 264A5F5E1A382C6300597A52 /* 3HandsOfPoker */;
			targetProxy = 264A5F751A382C6300597A52 /* PBXContainerItemProxy */;
		};
/* End PBXTargetDependency section */

/* Begin PBXVariantGroup section */
		264A5F681A382C6300597A52 /* Main.storyboard */ = {
			isa = PBXVariantGroup;
			children = (
				264A5F691A382C6300597A52 /* Base */,
			);
			name = Main.storyboard;
			sourceTree = "<group>";
		};
		264A5F6D1A382C6300597A52 /* LaunchScreen.xib */ = {
			isa = PBXVariantGroup;
			children = (
				264A5F6E1A382C6300597A52 /* Base */,
			);
			name = LaunchScreen.xib;
			sourceTree = "<group>";
		};
/* End PBXVariantGroup section */

/* Begin XCBuildConfiguration section */
		264A5F7C1A382C6300597A52 /* Debug */ = {
			isa = XCBuildConfiguration;
			buildSettings = {
				ALWAYS_SEARCH_USER_PATHS = NO;
				CLANG_CXX_LANGUAGE_STANDARD = "gnu++0x";
				CLANG_CXX_LIBRARY = "libc++";
				CLANG_ENABLE_MODULES = YES;
				CLANG_ENABLE_OBJC_ARC = YES;
				CLANG_WARN_BOOL_CONVERSION = YES;
				CLANG_WARN_CONSTANT_CONVERSION = YES;
				CLANG_WARN_DIRECT_OBJC_ISA_USAGE = YES_ERROR;
				CLANG_WARN_EMPTY_BODY = YES;
				CLANG_WARN_ENUM_CONVERSION = YES;
				CLANG_WARN_INT_CONVERSION = YES;
				CLANG_WARN_OBJC_ROOT_CLASS = YES_ERROR;
				CLANG_WARN_UNREACHABLE_CODE = YES;
				CLANG_WARN__DUPLICATE_METHOD_MATCH = YES;
				"CODE_SIGN_IDENTITY[sdk=iphoneos*]" = "iPhone Developer";
				COPY_PHASE_STRIP = NO;
				ENABLE_STRICT_OBJC_MSGSEND = YES;
				GCC_C_LANGUAGE_STANDARD = gnu99;
				GCC_DYNAMIC_NO_PIC = NO;
				GCC_OPTIMIZATION_LEVEL = 0;
				GCC_PREPROCESSOR_DEFINITIONS = (
					"DEBUG=1",
					"$(inherited)",
				);
				GCC_SYMBOLS_PRIVATE_EXTERN = NO;
				GCC_WARN_64_TO_32_BIT_CONVERSION = YES;
				GCC_WARN_ABOUT_RETURN_TYPE = YES_ERROR;
				GCC_WARN_UNDECLARED_SELECTOR = YES;
				GCC_WARN_UNINITIALIZED_AUTOS = YES_AGGRESSIVE;
				GCC_WARN_UNUSED_FUNCTION = YES;
				GCC_WARN_UNUSED_VARIABLE = YES;
				IPHONEOS_DEPLOYMENT_TARGET = 8.1;
				MTL_ENABLE_DEBUG_INFO = YES;
				ONLY_ACTIVE_ARCH = YES;
				SDKROOT = iphoneos;
				SWIFT_OPTIMIZATION_LEVEL = "-Onone";
				TARGETED_DEVICE_FAMILY = "1,2";
			};
			name = Debug;
		};
		264A5F7D1A382C6300597A52 /* Release */ = {
			isa = XCBuildConfiguration;
			buildSettings = {
				ALWAYS_SEARCH_USER_PATHS = NO;
				CLANG_CXX_LANGUAGE_STANDARD = "gnu++0x";
				CLANG_CXX_LIBRARY = "libc++";
				CLANG_ENABLE_MODULES = YES;
				CLANG_ENABLE_OBJC_ARC = YES;
				CLANG_WARN_BOOL_CONVERSION = YES;
				CLANG_WARN_CONSTANT_CONVERSION = YES;
				CLANG_WARN_DIRECT_OBJC_ISA_USAGE = YES_ERROR;
				CLANG_WARN_EMPTY_BODY = YES;
				CLANG_WARN_ENUM_CONVERSION = YES;
				CLANG_WARN_INT_CONVERSION = YES;
				CLANG_WARN_OBJC_ROOT_CLASS = YES_ERROR;
				CLANG_WARN_UNREACHABLE_CODE = YES;
				CLANG_WARN__DUPLICATE_METHOD_MATCH = YES;
				"CODE_SIGN_IDENTITY[sdk=iphoneos*]" = "iPhone Developer";
				COPY_PHASE_STRIP = YES;
				ENABLE_NS_ASSERTIONS = NO;
				ENABLE_STRICT_OBJC_MSGSEND = YES;
				GCC_C_LANGUAGE_STANDARD = gnu99;
				GCC_WARN_64_TO_32_BIT_CONVERSION = YES;
				GCC_WARN_ABOUT_RETURN_TYPE = YES_ERROR;
				GCC_WARN_UNDECLARED_SELECTOR = YES;
				GCC_WARN_UNINITIALIZED_AUTOS = YES_AGGRESSIVE;
				GCC_WARN_UNUSED_FUNCTION = YES;
				GCC_WARN_UNUSED_VARIABLE = YES;
				IPHONEOS_DEPLOYMENT_TARGET = 8.1;
				MTL_ENABLE_DEBUG_INFO = NO;
				SDKROOT = iphoneos;
				TARGETED_DEVICE_FAMILY = "1,2";
				VALIDATE_PRODUCT = YES;
			};
			name = Release;
		};
		264A5F7F1A382C6300597A52 /* Debug */ = {
			isa = XCBuildConfiguration;
			buildSettings = {
				ASSETCATALOG_COMPILER_APPICON_NAME = AppIcon;
				INFOPLIST_FILE = 3HandsOfPoker/Info.plist;
				LD_RUNPATH_SEARCH_PATHS = "$(inherited) @executable_path/Frameworks";
				PRODUCT_NAME = "$(TARGET_NAME)";
			};
			name = Debug;
		};
		264A5F801A382C6300597A52 /* Release */ = {
			isa = XCBuildConfiguration;
			buildSettings = {
				ASSETCATALOG_COMPILER_APPICON_NAME = AppIcon;
				INFOPLIST_FILE = 3HandsOfPoker/Info.plist;
				LD_RUNPATH_SEARCH_PATHS = "$(inherited) @executable_path/Frameworks";
				PRODUCT_NAME = "$(TARGET_NAME)";
			};
			name = Release;
		};
		264A5F821A382C6300597A52 /* Debug */ = {
			isa = XCBuildConfiguration;
			buildSettings = {
				BUNDLE_LOADER = "$(TEST_HOST)";
				FRAMEWORK_SEARCH_PATHS = (
					"$(SDKROOT)/Developer/Library/Frameworks",
					"$(inherited)",
				);
				GCC_PREPROCESSOR_DEFINITIONS = (
					"DEBUG=1",
					"$(inherited)",
				);
				INFOPLIST_FILE = 3HandsOfPokerTests/Info.plist;
				LD_RUNPATH_SEARCH_PATHS = "$(inherited) @executable_path/Frameworks @loader_path/Frameworks";
				PRODUCT_NAME = "$(TARGET_NAME)";
				TEST_HOST = "$(BUILT_PRODUCTS_DIR)/3HandsOfPoker.app/3HandsOfPoker";
			};
			name = Debug;
		};
		264A5F831A382C6300597A52 /* Release */ = {
			isa = XCBuildConfiguration;
			buildSettings = {
				BUNDLE_LOADER = "$(TEST_HOST)";
				FRAMEWORK_SEARCH_PATHS = (
					"$(SDKROOT)/Developer/Library/Frameworks",
					"$(inherited)",
				);
				INFOPLIST_FILE = 3HandsOfPokerTests/Info.plist;
				LD_RUNPATH_SEARCH_PATHS = "$(inherited) @executable_path/Frameworks @loader_path/Frameworks";
				PRODUCT_NAME = "$(TARGET_NAME)";
				TEST_HOST = "$(BUILT_PRODUCTS_DIR)/3HandsOfPoker.app/3HandsOfPoker";
			};
			name = Release;
		};
/* End XCBuildConfiguration section */

/* Begin XCConfigurationList section */
		264A5F5A1A382C6300597A52 /* Build configuration list for PBXProject "3HandsOfPoker" */ = {
			isa = XCConfigurationList;
			buildConfigurations = (
				264A5F7C1A382C6300597A52 /* Debug */,
				264A5F7D1A382C6300597A52 /* Release */,
			);
			defaultConfigurationIsVisible = 0;
			defaultConfigurationName = Release;
		};
		264A5F7E1A382C6300597A52 /* Build configuration list for PBXNativeTarget "3HandsOfPoker" */ = {
			isa = XCConfigurationList;
			buildConfigurations = (
				264A5F7F1A382C6300597A52 /* Debug */,
				264A5F801A382C6300597A52 /* Release */,
			);
			defaultConfigurationIsVisible = 0;
		};
		264A5F811A382C6300597A52 /* Build configuration list for PBXNativeTarget "3HandsOfPokerTests" */ = {
			isa = XCConfigurationList;
			buildConfigurations = (
				264A5F821A382C6300597A52 /* Debug */,
				264A5F831A382C6300597A52 /* Release */,
			);
			defaultConfigurationIsVisible = 0;
		};
/* End XCConfigurationList section */
	};
	rootObject = 264A5F571A382C6300597A52 /* Project object */;
}
